
Microsoft Visual Studio Solution File, Format Version 12.00
# Visual Studio Version 16
VisualStudioVersion = 25.0.1705.6
MinimumVisualStudioVersion = 10.0.40219.1
Project("{FAE04EC0-301F-11D3-BF4B-00C04F79EFBC}") = "AtmApp", "AtmApp\AtmApp.csproj", "{F12FB4DD-7B3E-4049-AA98-98BDB48A1275}"
EndProject
Global
	GlobalSection(SolutionConfigurationPlatforms) = preSolution
		Debug|Any CPU = Debug|Any CPU
		Release|Any CPU = Release|Any CPU
	EndGlobalSection
	GlobalSection(ProjectConfigurationPlatforms) = postSolution
		{F12FB4DD-7B3E-4049-AA98-98BDB48A1275}.Debug|Any CPU.ActiveCfg = Debug|Any CPU
		{F12FB4DD-7B3E-4049-AA98-98BDB48A1275}.Debug|Any CPU.Build.0 = Debug|Any CPU
		{F12FB4DD-7B3E-4049-AA98-98BDB48A1275}.Release|Any CPU.ActiveCfg = Release|Any CPU
		{F12FB4DD-7B3E-4049-AA98-98BDB48A1275}.Release|Any CPU.Build.0 = Release|Any CPU
	EndGlobalSection
	GlobalSection(SolutionProperties) = preSolution
		HideSolutionNode = FALSE
	EndGlobalSection
	GlobalSection(ExtensibilityGlobals) = postSolution
		SolutionGuid = {1BE7495A-BAF8-4D49-82F8-28F6F5BFDE51}
	EndGlobalSection
EndGlobal
